
Microsoft Visual Studio Solution File, Format Version 12.00
# Visual Studio Version 17
VisualStudioVersion = 17.5.002.0
MinimumVisualStudioVersion = 10.0.40219.1
Project("{2150E333-8FDC-42A3-9474-1A3956D46DE8}") = "Back", "Back", "{BE00D3D4-2733-4985-B86C-06E7B17AC548}"
EndProject
Project("{2150E333-8FDC-42A3-9474-1A3956D46DE8}") = "src", "src", "{A8EEBAED-AC48-4961-B030-5F9380CFEACC}"
EndProject
Project("{9A19103F-16F7-4668-BE54-9A1E7A4F7556}") = "ProEventos.API", "Back\src\ProEventos.API\ProEventos.API.csproj", "{153EEE59-3AE2-47E5-B1FE-6E90F79AA051}"
EndProject
Global
	GlobalSection(SolutionConfigurationPlatforms) = preSolution
		Debug|Any CPU = Debug|Any CPU
		Release|Any CPU = Release|Any CPU
	EndGlobalSection
	GlobalSection(ProjectConfigurationPlatforms) = postSolution
		{153EEE59-3AE2-47E5-B1FE-6E90F79AA051}.Debug|Any CPU.ActiveCfg = Debug|Any CPU
		{153EEE59-3AE2-47E5-B1FE-6E90F79AA051}.Debug|Any CPU.Build.0 = Debug|Any CPU
		{153EEE59-3AE2-47E5-B1FE-6E90F79AA051}.Release|Any CPU.ActiveCfg = Release|Any CPU
		{153EEE59-3AE2-47E5-B1FE-6E90F79AA051}.Release|Any CPU.Build.0 = Release|Any CPU
	EndGlobalSection
	GlobalSection(SolutionProperties) = preSolution
		HideSolutionNode = FALSE
	EndGlobalSection
	GlobalSection(NestedProjects) = preSolution
		{A8EEBAED-AC48-4961-B030-5F9380CFEACC} = {BE00D3D4-2733-4985-B86C-06E7B17AC548}
		{153EEE59-3AE2-47E5-B1FE-6E90F79AA051} = {A8EEBAED-AC48-4961-B030-5F9380CFEACC}
	EndGlobalSection
	GlobalSection(ExtensibilityGlobals) = postSolution
		SolutionGuid = {88B15D15-C179-46EA-A929-B42B882410B4}
	EndGlobalSection
EndGlobal
